// !$*UTF8*$!
{
	archiveVersion = 1;
	classes = {
	};
	objectVersion = 50;
	objects = {

/* Begin PBXBuildFile section */
		32204B8D23ED860000E49290 /* AppDelegate.swift in Sources */ = {isa = PBXBuildFile; fileRef = 32204B8C23ED860000E49290 /* AppDelegate.swift */; };
		32204B8F23ED860000E49290 /* SceneDelegate.swift in Sources */ = {isa = PBXBuildFile; fileRef = 32204B8E23ED860000E49290 /* SceneDelegate.swift */; };
		32204B9123ED860000E49290 /* ViewController.swift in Sources */ = {isa = PBXBuildFile; fileRef = 32204B9023ED860000E49290 /* ViewController.swift */; };
		32204B9423ED860000E49290 /* Main.storyboard in Resources */ = {isa = PBXBuildFile; fileRef = 32204B9223ED860000E49290 /* Main.storyboard */; };
		32204B9623ED860400E49290 /* Assets.xcassets in Resources */ = {isa = PBXBuildFile; fileRef = 32204B9523ED860400E49290 /* Assets.xcassets */; };
		32204B9923ED860400E49290 /* LaunchScreen.storyboard in Resources */ = {isa = PBXBuildFile; fileRef = 32204B9723ED860400E49290 /* LaunchScreen.storyboard */; };
		32204BA223ED864F00E49290 /* TestViewController.swift in Sources */ = {isa = PBXBuildFile; fileRef = 32204BA023ED864F00E49290 /* TestViewController.swift */; };
		32204BA323ED864F00E49290 /* TestViewController.xib in Resources */ = {isa = PBXBuildFile; fileRef = 32204BA123ED864F00E49290 /* TestViewController.xib */; };
/* End PBXBuildFile section */

/* Begin PBXFileReference section */
		32204B8923ED860000E49290 /* InMobiTest.app */ = {isa = PBXFileReference; explicitFileType = wrapper.application; includeInIndex = 0; path = InMobiTest.app; sourceTree = BUILT_PRODUCTS_DIR; };
		32204B8C23ED860000E49290 /* AppDelegate.swift */ = {isa = PBXFileReference; lastKnownFileType = sourcecode.swift; path = AppDelegate.swift; sourceTree = "<group>"; };
		32204B8E23ED860000E49290 /* SceneDelegate.swift */ = {isa = PBXFileReference; lastKnownFileType = sourcecode.swift; path = SceneDelegate.swift; sourceTree = "<group>"; };
		32204B9023ED860000E49290 /* ViewController.swift */ = {isa = PBXFileReference; lastKnownFileType = sourcecode.swift; path = ViewController.swift; sourceTree = "<group>"; };
		32204B9323ED860000E49290 /* Base */ = {isa = PBXFileReference; lastKnownFileType = file.storyboard; name = Base; path = Base.lproj/Main.storyboard; sourceTree = "<group>"; };
		32204B9523ED860400E49290 /* Assets.xcassets */ = {isa = PBXFileReference; lastKnownFileType = folder.assetcatalog; path = Assets.xcassets; sourceTree = "<group>"; };
		32204B9823ED860400E49290 /* Base */ = {isa = PBXFileReference; lastKnownFileType = file.storyboard; name = Base; path = Base.lproj/LaunchScreen.storyboard; sourceTree = "<group>"; };
		32204B9A23ED860400E49290 /* Info.plist */ = {isa = PBXFileReference; lastKnownFileType = text.plist.xml; path = Info.plist; sourceTree = "<group>"; };
		32204BA023ED864F00E49290 /* TestViewController.swift */ = {isa = PBXFileReference; lastKnownFileType = sourcecode.swift; path = TestViewController.swift; sourceTree = "<group>"; };
		32204BA123ED864F00E49290 /* TestViewController.xib */ = {isa = PBXFileReference; lastKnownFileType = file.xib; path = TestViewController.xib; sourceTree = "<group>"; };
/* End PBXFileReference section */

/* Begin PBXFrameworksBuildPhase section */
		32204B8623ED860000E49290 /* Frameworks */ = {
			isa = PBXFrameworksBuildPhase;
			buildActionMask = 2147483647;
			files = (
			);
			runOnlyForDeploymentPostprocessing = 0;
		};
/* End PBXFrameworksBuildPhase section */

/* Begin PBXGroup section */
		32204B8023ED860000E49290 = {
			isa = PBXGroup;
			children = (
				32204B8B23ED860000E49290 /* InMobiTest */,
				32204B8A23ED860000E49290 /* Products */,
			);
			sourceTree = "<group>";
		};
		32204B8A23ED860000E49290 /* Products */ = {
			isa = PBXGroup;
			children = (
				32204B8923ED860000E49290 /* InMobiTest.app */,
			);
			name = Products;
			sourceTree = "<group>";
		};
		32204B8B23ED860000E49290 /* InMobiTest */ = {
			isa = PBXGroup;
			children = (
				32204B8C23ED860000E49290 /* AppDelegate.swift */,
				32204B8E23ED860000E49290 /* SceneDelegate.swift */,
				32204B9023ED860000E49290 /* ViewController.swift */,
				32204B9223ED860000E49290 /* Main.storyboard */,
				32204B9523ED860400E49290 /* Assets.xcassets */,
				32204B9723ED860400E49290 /* LaunchScreen.storyboard */,
				32204B9A23ED860400E49290 /* Info.plist */,
				32204BA023ED864F00E49290 /* TestViewController.swift */,
				32204BA123ED864F00E49290 /* TestViewController.xib */,
			);
			path = InMobiTest;
			sourceTree = "<group>";
		};
/* End PBXGroup section */

/* Begin PBXNativeTarget section */
		32204B8823ED860000E49290 /* InMobiTest */ = {
			isa = PBXNativeTarget;
			buildConfigurationList = 32204B9D23ED860400E49290 /* Build configuration list for PBXNativeTarget "InMobiTest" */;
			buildPhases = (
				32204B8523ED860000E49290 /* Sources */,
				32204B8623ED860000E49290 /* Frameworks */,
				32204B8723ED860000E49290 /* Resources */,
			);
			buildRules = (
			);
			dependencies = (
			);
			name = InMobiTest;
			productName = InMobiTest;
			productReference = 32204B8923ED860000E49290 /* InMobiTest.app */;
			productType = "com.apple.product-type.application";
		};
/* End PBXNativeTarget section */

/* Begin PBXProject section */
		32204B8123ED860000E49290 /* Project object */ = {
			isa = PBXProject;
			attributes = {
				LastSwiftUpdateCheck = 1130;
				LastUpgradeCheck = 1130;
				ORGANIZATIONNAME = sunil.kumar1;
				TargetAttributes = {
					32204B8823ED860000E49290 = {
						CreatedOnToolsVersion = 11.3;
					};
				};
			};
			buildConfigurationList = 32204B8423ED860000E49290 /* Build configuration list for PBXProject "InMobiTest" */;
			compatibilityVersion = "Xcode 9.3";
			developmentRegion = en;
			hasScannedForEncodings = 0;
			knownRegions = (
				en,
				Base,
			);
			mainGroup = 32204B8023ED860000E49290;
			productRefGroup = 32204B8A23ED860000E49290 /* Products */;
			projectDirPath = "";
			projectRoot = "";
			targets = (
				32204B8823ED860000E49290 /* InMobiTest */,
			);
		};
/* End PBXProject section */

/* Begin PBXResourcesBuildPhase section */
		32204B8723ED860000E49290 /* Resources */ = {
			isa = PBXResourcesBuildPhase;
			buildActionMask = 2147483647;
			files = (
				32204B9923ED860400E49290 /* LaunchScreen.storyboard in Resources */,
				32204B9623ED860400E49290 /* Assets.xcassets in Resources */,
				32204BA323ED864F00E49290 /* TestViewController.xib in Resources */,
				32204B9423ED860000E49290 /* Main.storyboard in Resources */,
			);
			runOnlyForDeploymentPostprocessing = 0;
		};
/* End PBXResourcesBuildPhase section */

/* Begin PBXSourcesBuildPhase section */
		32204B8523ED860000E49290 /* Sources */ = {
			isa = PBXSourcesBuildPhase;
			buildActionMask = 2147483647;
			files = (
				32204B9123ED860000E49290 /* ViewController.swift in Sources */,
				32204B8D23ED860000E49290 /* AppDelegate.swift in Sources */,
				32204BA223ED864F00E49290 /* TestViewController.swift in Sources */,
				32204B8F23ED860000E49290 /* SceneDelegate.swift in Sources */,
			);
			runOnlyForDeploymentPostprocessing = 0;
		};
/* End PBXSourcesBuildPhase section */

/* Begin PBXVariantGroup section */
		32204B9223ED860000E49290 /* Main.storyboard */ = {
			isa = PBXVariantGroup;
			children = (
				32204B9323ED860000E49290 /* Base */,
			);
			name = Main.storyboard;
			sourceTree = "<group>";
		};
		32204B9723ED860400E49290 /* LaunchScreen.storyboard */ = {
			isa = PBXVariantGroup;
			children = (
				32204B9823ED860400E49290 /* Base */,
			);
			name = LaunchScreen.storyboard;
			sourceTree = "<group>";
		};
/* End PBXVariantGroup section */

/* Begin XCBuildConfiguration section */
		32204B9B23ED860400E49290 /* Debug */ = {
			isa = XCBuildConfiguration;
			buildSettings = {
				ALWAYS_SEARCH_USER_PATHS = NO;
				CLANG_ANALYZER_NONNULL = YES;
				CLANG_ANALYZER_NUMBER_OBJECT_CONVERSION = YES_AGGRESSIVE;
				CLANG_CXX_LANGUAGE_STANDARD = "gnu++14";
				CLANG_CXX_LIBRARY = "libc++";
				CLANG_ENABLE_MODULES = YES;
				CLANG_ENABLE_OBJC_ARC = YES;
				CLANG_ENABLE_OBJC_WEAK = YES;
				CLANG_WARN_BLOCK_CAPTURE_AUTORELEASING = YES;
				CLANG_WARN_BOOL_CONVERSION = YES;
				CLANG_WARN_COMMA = YES;
				CLANG_WARN_CONSTANT_CONVERSION = YES;
				CLANG_WARN_DEPRECATED_OBJC_IMPLEMENTATIONS = YES;
				CLANG_WARN_DIRECT_OBJC_ISA_USAGE = YES_ERROR;
				CLANG_WARN_DOCUMENTATION_COMMENTS = YES;
				CLANG_WARN_EMPTY_BODY = YES;
				CLANG_WARN_ENUM_CONVERSION = YES;
				CLANG_WARN_INFINITE_RECURSION = YES;
				CLANG_WARN_INT_CONVERSION = YES;
				CLANG_WARN_NON_LITERAL_NULL_CONVERSION = YES;
				CLANG_WARN_OBJC_IMPLICIT_RETAIN_SELF = YES;
				CLANG_WARN_OBJC_LITERAL_CONVERSION = YES;
				CLANG_WARN_OBJC_ROOT_CLASS = YES_ERROR;
				CLANG_WARN_RANGE_LOOP_ANALYSIS = YES;
				CLANG_WARN_STRICT_PROTOTYPES = YES;
				CLANG_WARN_SUSPICIOUS_MOVE = YES;
				CLANG_WARN_UNGUARDED_AVAILABILITY = YES_AGGRESSIVE;
				CLANG_WARN_UNREACHABLE_CODE = YES;
				CLANG_WARN__DUPLICATE_METHOD_MATCH = YES;
				COPY_PHASE_STRIP = NO;
				DEBUG_INFORMATION_FORMAT = dwarf;
				ENABLE_STRICT_OBJC_MSGSEND = YES;
				ENABLE_TESTABILITY = YES;
				GCC_C_LANGUAGE_STANDARD = gnu11;
				GCC_DYNAMIC_NO_PIC = NO;
				GCC_NO_COMMON_BLOCKS = YES;
				GCC_OPTIMIZATION_LEVEL = 0;
				GCC_PREPROCESSOR_DEFINITIONS = (
					"DEBUG=1",
					"$(inherited)",
				);
				GCC_WARN_64_TO_32_BIT_CONVERSION = YES;
				GCC_WARN_ABOUT_RETURN_TYPE = YES_ERROR;
				GCC_WARN_UNDECLARED_SELECTOR = YES;
				GCC_WARN_UNINITIALIZED_AUTOS = YES_AGGRESSIVE;
				GCC_WARN_UNUSED_FUNCTION = YES;
				GCC_WARN_UNUSED_VARIABLE = YES;
				IPHONEOS_DEPLOYMENT_TARGET = 13.2;
				MTL_ENABLE_DEBUG_INFO = INCLUDE_SOURCE;
				MTL_FAST_MATH = YES;
				ONLY_ACTIVE_ARCH = YES;
				SDKROOT = iphoneos;
				SWIFT_ACTIVE_COMPILATION_CONDITIONS = DEBUG;
				SWIFT_OPTIMIZATION_LEVEL = "-Onone";
			};
			name = Debug;
		};
		32204B9C23ED860400E49290 /* Release */ = {
			isa = XCBuildConfiguration;
			buildSettings = {
				ALWAYS_SEARCH_USER_PATHS = NO;
				CLANG_ANALYZER_NONNULL = YES;
				CLANG_ANALYZER_NUMBER_OBJECT_CONVERSION = YES_AGGRESSIVE;
				CLANG_CXX_LANGUAGE_STANDARD = "gnu++14";
				CLANG_CXX_LIBRARY = "libc++";
				CLANG_ENABLE_MODULES = YES;
				CLANG_ENABLE_OBJC_ARC = YES;
				CLANG_ENABLE_OBJC_WEAK = YES;
				CLANG_WARN_BLOCK_CAPTURE_AUTORELEASING = YES;
				CLANG_WARN_BOOL_CONVERSION = YES;
				CLANG_WARN_COMMA = YES;
				CLANG_WARN_CONSTANT_CONVERSION = YES;
				CLANG_WARN_DEPRECATED_OBJC_IMPLEMENTATIONS = YES;
				CLANG_WARN_DIRECT_OBJC_ISA_USAGE = YES_ERROR;
				CLANG_WARN_DOCUMENTATION_COMMENTS = YES;
				CLANG_WARN_EMPTY_BODY = YES;
				CLANG_WARN_ENUM_CONVERSION = YES;
				CLANG_WARN_INFINITE_RECURSION = YES;
				CLANG_WARN_INT_CONVERSION = YES;
				CLANG_WARN_NON_LITERAL_NULL_CONVERSION = YES;
				CLANG_WARN_OBJC_IMPLICIT_RETAIN_SELF = YES;
				CLANG_WARN_OBJC_LITERAL_CONVERSION = YES;
				CLANG_WARN_OBJC_ROOT_CLASS = YES_ERROR;
				CLANG_WARN_RANGE_LOOP_ANALYSIS = YES;
				CLANG_WARN_STRICT_PROTOTYPES = YES;
				CLANG_WARN_SUSPICIOUS_MOVE = YES;
				CLANG_WARN_UNGUARDED_AVAILABILITY = YES_AGGRESSIVE;
				CLANG_WARN_UNREACHABLE_CODE = YES;
				CLANG_WARN__DUPLICATE_METHOD_MATCH = YES;
				COPY_PHASE_STRIP = NO;
				DEBUG_INFORMATION_FORMAT = "dwarf-with-dsym";
				ENABLE_NS_ASSERTIONS = NO;
				ENABLE_STRICT_OBJC_MSGSEND = YES;
				GCC_C_LANGUAGE_STANDARD = gnu11;
				GCC_NO_COMMON_BLOCKS = YES;
				GCC_WARN_64_TO_32_BIT_CONVERSION = YES;
				GCC_WARN_ABOUT_RETURN_TYPE = YES_ERROR;
				GCC_WARN_UNDECLARED_SELECTOR = YES;
				GCC_WARN_UNINITIALIZED_AUTOS = YES_AGGRESSIVE;
				GCC_WARN_UNUSED_FUNCTION = YES;
				GCC_WARN_UNUSED_VARIABLE = YES;
				IPHONEOS_DEPLOYMENT_TARGET = 13.2;
				MTL_ENABLE_DEBUG_INFO = NO;
				MTL_FAST_MATH = YES;
				SDKROOT = iphoneos;
				SWIFT_COMPILATION_MODE = wholemodule;
				SWIFT_OPTIMIZATION_LEVEL = "-O";
				VALIDATE_PRODUCT = YES;
			};
			name = Release;
		};
		32204B9E23ED860400E49290 /* Debug */ = {
			isa = XCBuildConfiguration;
			buildSettings = {
				ASSETCATALOG_COMPILER_APPICON_NAME = AppIcon;
				CODE_SIGN_STYLE = Automatic;
				INFOPLIST_FILE = InMobiTest/Info.plist;
				LD_RUNPATH_SEARCH_PATHS = (
					"$(inherited)",
					"@executable_path/Frameworks",
				);
				PRODUCT_BUNDLE_IDENTIFIER = in.til.popkarn.InMobiTest;
				PRODUCT_NAME = "$(TARGET_NAME)";
				SWIFT_VERSION = 5.0;
				TARGETED_DEVICE_FAMILY = "1,2";
			};
			name = Debug;
		};
		32204B9F23ED860400E49290 /* Release */ = {
			isa = XCBuildConfiguration;
			buildSettings = {
				ASSETCATALOG_COMPILER_APPICON_NAME = AppIcon;
				CODE_SIGN_STYLE = Automatic;
				INFOPLIST_FILE = InMobiTest/Info.plist;
				LD_RUNPATH_SEARCH_PATHS = (
					"$(inherited)",
					"@executable_path/Frameworks",
				);
				PRODUCT_BUNDLE_IDENTIFIER = in.til.popkarn.InMobiTest;
				PRODUCT_NAME = "$(TARGET_NAME)";
				SWIFT_VERSION = 5.0;
				TARGETED_DEVICE_FAMILY = "1,2";
			};
			name = Release;
		};
/* End XCBuildConfiguration section */

/* Begin XCConfigurationList section */
		32204B8423ED860000E49290 /* Build configuration list for PBXProject "InMobiTest" */ = {
			isa = XCConfigurationList;
			buildConfigurations = (
				32204B9B23ED860400E49290 /* Debug */,
				32204B9C23ED860400E49290 /* Release */,
			);
			defaultConfigurationIsVisible = 0;
			defaultConfigurationName = Release;
		};
		32204B9D23ED860400E49290 /* Build configuration list for PBXNativeTarget "InMobiTest" */ = {
			isa = XCConfigurationList;
			buildConfigurations = (
				32204B9E23ED860400E49290 /* Debug */,
				32204B9F23ED860400E49290 /* Release */,
			);
			defaultConfigurationIsVisible = 0;
			defaultConfigurationName = Release;
		};
/* End XCConfigurationList section */
	};
	rootObject = 32204B8123ED860000E49290 /* Project object */;
}
